{
  "version": 1,
  "dependencies": {
    "net8.0-windows7.0": {
      "CsvHelper": {
        "type": "Direct",
        "requested": "[33.0.1, )",
        "resolved": "33.0.1",
        "contentHash": "fev4lynklAU2A9GVMLtwarkwaanjSYB4wUqO2nOJX5hnzObORzUqVLe+bDYCUyIIRQM4o5Bsq3CcyJR89iMmEQ=="
      },
      "DalamudPackager": {
        "type": "Direct",
        "requested": "[2.1.13, )",
        "resolved": "2.1.13",
        "contentHash": "rMN1omGe8536f4xLMvx9NwfvpAc9YFFfeXJ1t4P4PE6Gu8WCIoFliR1sh07hM+bfODmesk/dvMbji7vNI+B/pQ=="
      },
      "MessagePack": {
        "type": "Direct",
        "requested": "[3.0.54-alpha, )",
        "resolved": "3.0.54-alpha",
        "contentHash": "cSAPiO8A7Lp51rEROBb5Npe4Jp/Q8UT+rb9MDaUW4eg/dvweHYHSJvqpLJFYV7NaP5MmdwUs6jNKi5ZXywVqAQ==",
        "dependencies": {
          "MessagePack.Annotations": "3.0.54-alpha",
          "Microsoft.NET.StringTools": "17.9.5"
        }
      },
      "Microsoft.Data.Sqlite": {
        "type": "Direct",
        "requested": "[8.0.6, )",
        "resolved": "8.0.6",
        "contentHash": "YVzVtU1IoGsTiMAe0BNV9ssKyrUm6lBQJP6w2N4W29YrBYYtyCmTFmrNGjxaJtJXVqttu0sYkPxmStj/OnMFdg==",
        "dependencies": {
          "Microsoft.Data.Sqlite.Core": "8.0.6",
          "SQLitePCLRaw.bundle_e_sqlite3": "2.1.6"
        }
      },
      "supabase-csharp": {
        "type": "Direct",
        "requested": "[0.16.1, )",
        "resolved": "0.16.1",
        "contentHash": "zLchVZTSp9f0f4iKXWndEvFgvKtdLL4aoNYSgGZdhv9jKDM1VvG8PMsJHnXOVfgWq1ikPkJrgzQeVavSCuNGfg==",
        "dependencies": {
          "Newtonsoft.Json": "13.0.3",
          "functions-csharp": "1.3.2",
          "gotrue-csharp": "4.2.6",
          "postgrest-csharp": "3.5.1",
          "realtime-csharp": "6.0.4",
          "supabase-core": "0.0.3",
          "supabase-storage-csharp": "1.4.0"
        }
      },
      "functions-csharp": {
        "type": "Transitive",
        "resolved": "1.3.2",
        "contentHash": "7ktfO7+JJhi3QvcOkdTz/BGu++Am3HtYNqBOM1tLVoEAObXzKmx6y2Rwomc4V+7HFSxaqNQQFzVsX8MkSG7Xhw==",
        "dependencies": {
          "Newtonsoft.Json": "13.0.3",
          "supabase-core": "0.0.3"
        }
      },
      "gotrue-csharp": {
        "type": "Transitive",
        "resolved": "4.2.6",
        "contentHash": "GDEQn4o0hk4qxPB7UPWSqVzdPR0hf4tcXkESNZoD4istvyBeVAcXskeK/7B07hwiN18s+O/irYulqbi1i8dGzw==",
        "dependencies": {
          "Newtonsoft.Json": "13.0.3",
          "System.IdentityModel.Tokens.Jwt": "7.0.3",
          "supabase-core": "0.0.3"
        }
      },
      "MessagePack.Annotations": {
        "type": "Transitive",
        "resolved": "3.0.54-alpha",
        "contentHash": "KUDOe8K2nH8kVVOF3Pp66d0jSs33Jl6C94n1j3aVOlp0j8ysFphuT6bh7HJnju7GSI/z10A5C8tKiguOJcmEoQ=="
      },
      "Microsoft.Data.Sqlite.Core": {
        "type": "Transitive",
        "resolved": "8.0.6",
        "contentHash": "umhZ0ZF2RI81rGFTnYmCxI+Euj4Aqe/6Y4+8CxN9OVJNGDNIqB5laJ3wxQTU8zXCcm2k9F7FL+/6RVoOT4z1Fw==",
        "dependencies": {
          "SQLitePCLRaw.core": "2.1.6"
        }
      },
      "Microsoft.IdentityModel.Abstractions": {
        "type": "Transitive",
        "resolved": "7.0.3",
        "contentHash": "cfPUWdjigLIRIJSKz3uaZxShgf86RVDXHC1VEEchj1gnY25akwPYpbrfSoIGDCqA9UmOMdlctq411+2pAViFow=="
      },
      "Microsoft.IdentityModel.JsonWebTokens": {
        "type": "Transitive",
        "resolved": "7.0.3",
        "contentHash": "vxjHVZbMKD3rVdbvKhzAW+7UiFrYToUVm3AGmYfKSOAwyhdLl/ELX1KZr+FaLyyS5VReIzWRWJfbOuHM9i6ywg==",
        "dependencies": {
          "Microsoft.IdentityModel.Tokens": "7.0.3"
        }
      },
      "Microsoft.IdentityModel.Logging": {
        "type": "Transitive",
        "resolved": "7.0.3",
        "contentHash": "b6GbGO+2LOTBEccHhqoJsOsmemG4A/MY+8H0wK/ewRhiG+DCYwEnucog1cSArPIY55zcn+XdZl0YEiUHkpDISQ==",
        "dependencies": {
          "Microsoft.IdentityModel.Abstractions": "7.0.3"
        }
      },
      "Microsoft.IdentityModel.Tokens": {
        "type": "Transitive",
        "resolved": "7.0.3",
        "contentHash": "wB+LlbDjhnJ98DULjmFepqf9eEMh/sDs6S6hFh68iNRHmwollwhxk+nbSSfpA5+j+FbRyNskoaY4JsY1iCOKCg==",
        "dependencies": {
          "Microsoft.IdentityModel.Logging": "7.0.3"
        }
      },
      "Microsoft.NET.StringTools": {
        "type": "Transitive",
        "resolved": "17.9.5",
        "contentHash": "C/oPRnjcIZBRzcpl1V06R1eEMCxOGt6mIm+8ioyblELgJEXLM8XjUPuCwljMO52VetsHw54xMcYwU8UEeHEIEg=="
      },
      "MimeMapping": {
        "type": "Transitive",
        "resolved": "2.0.0",
        "contentHash": "hJRJLm91AF3OSs61y3uVZ5e2NRbq9bj0X2FS5q2PKUifP0T2Eu0FsdRL9gXa537tFQIKf+2TANkzsW2s0BZenA=="
      },
      "Newtonsoft.Json": {
        "type": "Transitive",
        "resolved": "13.0.3",
        "contentHash": "HrC5BXdl00IP9zeV+0Z848QWPAoCr9P3bDEZguI+gkLcBKAOxix/tLEAAHC+UvDNPv4a2d18lOReHMOagPa+zQ=="
      },
      "postgrest-csharp": {
        "type": "Transitive",
        "resolved": "3.5.1",
        "contentHash": "w0LMx+lbixBnjeNeaD03e6890Sk/ItkFUOR/ga2OP7rXPF9fpUOFV21UEaGdWushc7mliDolazzwVPkljcnrow==",
        "dependencies": {
          "Newtonsoft.Json": "13.0.3",
          "supabase-core": "0.0.3"
        }
      },
      "realtime-csharp": {
        "type": "Transitive",
        "resolved": "6.0.4",
        "contentHash": "Bahtvznvu4bDuJFTFYTUyfBT6fyAxtIJ8r8i7k60HBZvfC/OUZQv7TgbQ6lRQTYekuH4pFvAIHACW7lSWqkW8Q==",
        "dependencies": {
          "Newtonsoft.Json": "13.0.3",
          "Websocket.Client": "4.6.1",
          "postgrest-csharp": "3.2.2",
          "supabase-core": "0.0.3"
        }
      },
      "SQLitePCLRaw.bundle_e_sqlite3": {
        "type": "Transitive",
        "resolved": "2.1.6",
        "contentHash": "BmAf6XWt4TqtowmiWe4/5rRot6GerAeklmOPfviOvwLoF5WwgxcJHAxZtySuyW9r9w+HLILnm8VfJFLCUJYW8A==",
        "dependencies": {
          "SQLitePCLRaw.lib.e_sqlite3": "2.1.6",
          "SQLitePCLRaw.provider.e_sqlite3": "2.1.6"
        }
      },
      "SQLitePCLRaw.core": {
        "type": "Transitive",
        "resolved": "2.1.6",
        "contentHash": "wO6v9GeMx9CUngAet8hbO7xdm+M42p1XeJq47ogyRoYSvNSp0NGLI+MgC0bhrMk9C17MTVFlLiN6ylyExLCc5w==",
        "dependencies": {
          "System.Memory": "4.5.3"
        }
      },
      "SQLitePCLRaw.lib.e_sqlite3": {
        "type": "Transitive",
        "resolved": "2.1.6",
        "contentHash": "2ObJJLkIUIxRpOUlZNGuD4rICpBnrBR5anjyfUFQep4hMOIeqW+XGQYzrNmHSVz5xSWZ3klSbh7sFR6UyDj68Q=="
      },
      "SQLitePCLRaw.provider.e_sqlite3": {
        "type": "Transitive",
        "resolved": "2.1.6",
        "contentHash": "PQ2Oq3yepLY4P7ll145P3xtx2bX8xF4PzaKPRpw9jZlKvfe4LE/saAV82inND9usn1XRpmxXk7Lal3MTI+6CNg==",
        "dependencies": {
          "SQLitePCLRaw.core": "2.1.6"
        }
      },
      "supabase-core": {
        "type": "Transitive",
        "resolved": "0.0.3",
        "contentHash": "e6NxN3kShudlO9ts378CW3V94op6GsesrVanp6yXSf5K0iRzP36TFf3EpqaSOylgbvBUUfZnPlestCnJ8ULvjA=="
      },
      "supabase-storage-csharp": {
        "type": "Transitive",
        "resolved": "1.4.0",
        "contentHash": "Q8bOtwgJYIyQt/y1yV4GA9bpzZLm6iBLTajck1N2rw+U7Ag9eyQvh4yaPkd5vxBkyiVAk9UUkwAUk6w1ZuhMzA==",
        "dependencies": {
          "MimeMapping": "2.0.0",
          "Newtonsoft.Json": "13.0.3",
          "supabase-core": "0.0.3"
        }
      },
      "System.IdentityModel.Tokens.Jwt": {
        "type": "Transitive",
        "resolved": "7.0.3",
        "contentHash": "caEe+OpQNYNiyZb+DJpUVROXoVySWBahko2ooNfUcllxa9ZQUM8CgM/mDjP6AoFn6cQU9xMmG+jivXWub8cbGg==",
        "dependencies": {
          "Microsoft.IdentityModel.JsonWebTokens": "7.0.3",
          "Microsoft.IdentityModel.Tokens": "7.0.3"
        }
      },
      "System.Memory": {
        "type": "Transitive",
        "resolved": "4.5.3",
        "contentHash": "3oDzvc/zzetpTKWMShs1AADwZjQ/36HnsufHRPcOjyRAAMLDlu2iD33MBI2opxnezcVUtXyqDXXjoFMOU9c7SA=="
      },
      "System.Reactive": {
        "type": "Transitive",
        "resolved": "5.0.0",
        "contentHash": "erBZjkQHWL9jpasCE/0qKAryzVBJFxGHVBAvgRN1bzM0q2s1S4oYREEEL0Vb+1kA/6BKb5FjUZMp5VXmy+gzkQ=="
      },
      "System.Threading.Channels": {
        "type": "Transitive",
        "resolved": "5.0.0",
        "contentHash": "RLBIxntLaG9pRmmuVDwY1kc8Bvp/FQzSxPU+19VekkScKkWtVP9r8bLhm28ama3usc816UBrmkg3vv3jUea/hw=="
      },
      "Websocket.Client": {
        "type": "Transitive",
        "resolved": "4.6.1",
        "contentHash": "6ccH+gNepmlQILnp8L+9J3PvN8Nk9qmdWWhb7aBZC8TvhisgK/JMq6H1evtzRJ3MRM/FWjumP6J/HPEt+DXwuQ==",
        "dependencies": {
          "System.Reactive": "5.0.0",
          "System.Threading.Channels": "5.0.0"
        }
      }
    }
  }
}