{
  "version": 1,
  "dependencies": {
    "net10.0-windows7.0": {
      "CsvHelper": {
        "type": "Direct",
        "requested": "[33.1.0, )",
        "resolved": "33.1.0",
        "contentHash": "kqfTOZGrn7NarNeXgjh86JcpTHUoeQDMB8t9NVa/ZtlSYiV1rxfRnQ49WaJsob4AiGrbK0XDzpyKkBwai4F8eg=="
      },
      "DalamudPackager": {
        "type": "Direct",
        "requested": "[15.0.0, )",
        "resolved": "15.0.0",
        "contentHash": "411vwC8/X8Z/sQ2TI6v3SvOn66xFPeOjFn3Zn+h0d3Ox2t1kFm66AhDvmx/qcMwVrR+Hidxj0dadpQ2dgyXMBQ=="
      },
      "DotNet.ReproducibleBuilds": {
        "type": "Direct",
        "requested": "[1.2.39, )",
        "resolved": "1.2.39",
        "contentHash": "fcFN01tDTIQqDuTwr1jUQK/geofiwjG5DycJQOnC72i1SsLAk1ELe+apBOuZ11UMQG8YKFZG1FgvjZPbqHyatg=="
      },
      "MessagePack": {
        "type": "Direct",
        "requested": "[3.1.7, )",
        "resolved": "3.1.7",
        "contentHash": "gXpifaxbhfBqh8bVToQn9j+OgCnhXWMbRCV7RQIbCVa9CNJG1fY6oHAYYl+ER3Tb9uUIHiQ5QbGiGwwFhoagbA==",
        "dependencies": {
          "MessagePack.Annotations": "3.1.7",
          "MessagePackAnalyzer": "3.1.7",
          "Microsoft.NET.StringTools": "17.11.4"
        }
      },
      "System.Data.SQLite": {
        "type": "Direct",
        "requested": "[2.0.3, )",
        "resolved": "2.0.3",
        "contentHash": "5I9dVqmHp1v0dhco21btIRkUE47zHSy4t6bRLwIO6nGZ1mxGIL1f1yp1zWI/AAZFfdUz7n6RrH1hyi/6EhlIeQ=="
      },
      "MessagePack.Annotations": {
        "type": "Transitive",
        "resolved": "3.1.7",
        "contentHash": "IW1yX9viarFl/Dsio5G+pM90JkOSW4xhAiJcKxPPF5rzyp2/yCpieWju8G99QLEmaQeze2uQMEskUBA59YZmkw=="
      },
      "MessagePackAnalyzer": {
        "type": "Transitive",
        "resolved": "3.1.7",
        "contentHash": "ZF+OOJTRS7Ogzb4gG36hPKVQk3kEbp6kkUcdRjhddDq/uSGcV4BKIdYiyJipExXyE/zsqYb0ic215O9kI+fjPA=="
      },
      "Microsoft.NET.StringTools": {
        "type": "Transitive",
        "resolved": "17.11.4",
        "contentHash": "mudqUHhNpeqIdJoUx2YDWZO/I9uEDYVowan89R6wsomfnUJQk6HteoQTlNjZDixhT2B4IXMkMtgZtoceIjLRmA=="
      }
    }
  }
}